
Microsoft Visual Studio Solution File, Format Version 12.00
# Visual Studio Version 17
VisualStudioVersion = 17.9.34728.123
MinimumVisualStudioVersion = 10.0.40219.1
Project("{FAE04EC0-301F-11D3-BF4B-00C04F79EFBC}") = "SEM4_EJEM(1)", "SEM4_EJEM(1).csproj", "{F37FD0C3-36C3-4061-A581-CF8F3229A075}"
EndProject
Global
	GlobalSection(SolutionConfigurationPlatforms) = preSolution
		Debug|Any CPU = Debug|Any CPU
		Release|Any CPU = Release|Any CPU
	EndGlobalSection
	GlobalSection(ProjectConfigurationPlatforms) = postSolution
		{F37FD0C3-36C3-4061-A581-CF8F3229A075}.Debug|Any CPU.ActiveCfg = Debug|Any CPU
		{F37FD0C3-36C3-4061-A581-CF8F3229A075}.Debug|Any CPU.Build.0 = Debug|Any CPU
		{F37FD0C3-36C3-4061-A581-CF8F3229A075}.Release|Any CPU.ActiveCfg = Release|Any CPU
		{F37FD0C3-36C3-4061-A581-CF8F3229A075}.Release|Any CPU.Build.0 = Release|Any CPU
	EndGlobalSection
	GlobalSection(SolutionProperties) = preSolution
		HideSolutionNode = FALSE
	EndGlobalSection
	GlobalSection(ExtensibilityGlobals) = postSolution
		SolutionGuid = {C79C06F4-EFF4-4ABF-846F-80D9A8B0E060}
	EndGlobalSection
EndGlobal
