
Microsoft Visual Studio Solution File, Format Version 12.00
# Visual Studio Version 17
VisualStudioVersion = 17.9.34728.123
MinimumVisualStudioVersion = 10.0.40219.1
Project("{FAE04EC0-301F-11D3-BF4B-00C04F79EFBC}") = "Semana 13 Ejercicio 6", "Semana 13 Ejercicio 6.csproj", "{21467EA9-7F75-45B2-BB72-6C83033B5586}"
EndProject
Global
	GlobalSection(SolutionConfigurationPlatforms) = preSolution
		Debug|Any CPU = Debug|Any CPU
		Release|Any CPU = Release|Any CPU
	EndGlobalSection
	GlobalSection(ProjectConfigurationPlatforms) = postSolution
		{21467EA9-7F75-45B2-BB72-6C83033B5586}.Debug|Any CPU.ActiveCfg = Debug|Any CPU
		{21467EA9-7F75-45B2-BB72-6C83033B5586}.Debug|Any CPU.Build.0 = Debug|Any CPU
		{21467EA9-7F75-45B2-BB72-6C83033B5586}.Release|Any CPU.ActiveCfg = Release|Any CPU
		{21467EA9-7F75-45B2-BB72-6C83033B5586}.Release|Any CPU.Build.0 = Release|Any CPU
	EndGlobalSection
	GlobalSection(SolutionProperties) = preSolution
		HideSolutionNode = FALSE
	EndGlobalSection
	GlobalSection(ExtensibilityGlobals) = postSolution
		SolutionGuid = {87FF65F0-8CC1-49AD-A0BC-0EC723CF07D3}
	EndGlobalSection
EndGlobal
